Microsoft Visual Studio Solution File, Format Version 12.00
# Visual Studio 2012
Project("{FAE04EC0-301F-11D3-BF4B-00C04F79EFBC}") = "Glep", "Glep.csproj", "{95D9EBF4-CEBC-4458-A87E-0FE573125ABE}"
EndProject
Global
	GlobalSection(SolutionConfigurationPlatforms) = preSolution
	Debug|Any CPU = Debug|Any CPU
	Release|Any CPU = Release|Any CPU
	Tools|Any CPU = Tools|Any CPU
	EndGlobalSection
	GlobalSection(ProjectConfigurationPlatforms) = postSolution
		{95D9EBF4-CEBC-4458-A87E-0FE573125ABE}.Debug|Any CPU.ActiveCfg = Debug|Any CPU
		{95D9EBF4-CEBC-4458-A87E-0FE573125ABE}.Debug|Any CPU.Build.0 = Debug|Any CPU
		{95D9EBF4-CEBC-4458-A87E-0FE573125ABE}.Release|Any CPU.ActiveCfg = Release|Any CPU
		{95D9EBF4-CEBC-4458-A87E-0FE573125ABE}.Release|Any CPU.Build.0 = Release|Any CPU
		{95D9EBF4-CEBC-4458-A87E-0FE573125ABE}.Tools|Any CPU.ActiveCfg = Tools|Any CPU
		{95D9EBF4-CEBC-4458-A87E-0FE573125ABE}.Tools|Any CPU.Build.0 = Tools|Any CPU
	EndGlobalSection
EndGlobal
